
Microsoft Visual Studio Solution File, Format Version 12.00
# Visual Studio Version 16
VisualStudioVersion = 16.0.31112.23
MinimumVisualStudioVersion = 10.0.40219.1
Project("{F184B08F-C81C-45F6-A57F-5ABD9991F28F}") = "Ex2CorfirmaPassword", "Ex2CorfirmaPassword.vbproj", "{DD14B440-FD88-4BBB-AF7F-23A82D4ACC9B}"
EndProject
Global
	GlobalSection(SolutionConfigurationPlatforms) = preSolution
		Debug|Any CPU = Debug|Any CPU
		Release|Any CPU = Release|Any CPU
	EndGlobalSection
	GlobalSection(ProjectConfigurationPlatforms) = postSolution
		{DD14B440-FD88-4BBB-AF7F-23A82D4ACC9B}.Debug|Any CPU.ActiveCfg = Debug|Any CPU
		{DD14B440-FD88-4BBB-AF7F-23A82D4ACC9B}.Debug|Any CPU.Build.0 = Debug|Any CPU
		{DD14B440-FD88-4BBB-AF7F-23A82D4ACC9B}.Release|Any CPU.ActiveCfg = Release|Any CPU
		{DD14B440-FD88-4BBB-AF7F-23A82D4ACC9B}.Release|Any CPU.Build.0 = Release|Any CPU
	EndGlobalSection
	GlobalSection(SolutionProperties) = preSolution
		HideSolutionNode = FALSE
	EndGlobalSection
	GlobalSection(ExtensibilityGlobals) = postSolution
		SolutionGuid = {D749D7CA-B5DA-4EE0-B86E-90AC92A1AE55}
	EndGlobalSection
EndGlobal
