
Microsoft Visual Studio Solution File, Format Version 12.00
# Visual Studio Version 16
VisualStudioVersion = 16.0.31112.23
MinimumVisualStudioVersion = 10.0.40219.1
Project("{F184B08F-C81C-45F6-A57F-5ABD9991F28F}") = "Ex8ComboLinguagens", "Ex8ComboLinguagens.vbproj", "{69B4F927-DF2B-4C5A-9583-59370653E28A}"
EndProject
Global
	GlobalSection(SolutionConfigurationPlatforms) = preSolution
		Debug|Any CPU = Debug|Any CPU
		Release|Any CPU = Release|Any CPU
	EndGlobalSection
	GlobalSection(ProjectConfigurationPlatforms) = postSolution
		{69B4F927-DF2B-4C5A-9583-59370653E28A}.Debug|Any CPU.ActiveCfg = Debug|Any CPU
		{69B4F927-DF2B-4C5A-9583-59370653E28A}.Debug|Any CPU.Build.0 = Debug|Any CPU
		{69B4F927-DF2B-4C5A-9583-59370653E28A}.Release|Any CPU.ActiveCfg = Release|Any CPU
		{69B4F927-DF2B-4C5A-9583-59370653E28A}.Release|Any CPU.Build.0 = Release|Any CPU
	EndGlobalSection
	GlobalSection(SolutionProperties) = preSolution
		HideSolutionNode = FALSE
	EndGlobalSection
	GlobalSection(ExtensibilityGlobals) = postSolution
		SolutionGuid = {F712AB05-571C-4C37-8068-D567AB511B47}
	EndGlobalSection
EndGlobal
